
Microsoft Visual Studio Solution File, Format Version 12.00
# Visual Studio Version 17
VisualStudioVersion = 17.6.33829.357
MinimumVisualStudioVersion = 10.0.40219.1
Project("{9A19103F-16F7-4668-BE54-9A1E7A4F7556}") = "CurewellAPI", "CurewellAPI\CurewellAPI.csproj", "{87D0AC98-9228-49F6-A59E-19A14E372F97}"
EndProject
Global
	GlobalSection(SolutionConfigurationPlatforms) = preSolution
		Debug|Any CPU = Debug|Any CPU
		Release|Any CPU = Release|Any CPU
	EndGlobalSection
	GlobalSection(ProjectConfigurationPlatforms) = postSolution
		{87D0AC98-9228-49F6-A59E-19A14E372F97}.Debug|Any CPU.ActiveCfg = Debug|Any CPU
		{87D0AC98-9228-49F6-A59E-19A14E372F97}.Debug|Any CPU.Build.0 = Debug|Any CPU
		{87D0AC98-9228-49F6-A59E-19A14E372F97}.Release|Any CPU.ActiveCfg = Release|Any CPU
		{87D0AC98-9228-49F6-A59E-19A14E372F97}.Release|Any CPU.Build.0 = Release|Any CPU
	EndGlobalSection
	GlobalSection(SolutionProperties) = preSolution
		HideSolutionNode = FALSE
	EndGlobalSection
	GlobalSection(ExtensibilityGlobals) = postSolution
		SolutionGuid = {8F2B5632-0FA7-47E7-8B27-A33A4B044ABE}
	EndGlobalSection
EndGlobal
